<?xml version="1.0" encoding="utf-8"?>
<Project ToolsVersion="4.0" xmlns="http://schemas.microsoft.com/developer/msbuild/2003">
  <ItemGroup>
    <Filter Include="Source Files">
      <UniqueIdentifier>{4FC737F1-C7A5-4376-A066-2A32D752A2FF}</UniqueIdentifier>
      <Extensions>cpp;c;cc;cxx;def;odl;idl;hpj;bat;asm;asmx</Extensions>
    </Filter>
    <Filter Include="Header Files">
      <UniqueIdentifier>{93995380-89BD-4b04-88EB-625FBE52EBFB}</UniqueIdentifier>
      <Extensions>h;hh;hpp;hxx;hm;inl;inc;xsd</Extensions>
    </Filter>
    <Filter Include="Resource Files">
      <UniqueIdentifier>{67DA6AB6-F800-4c08-8B7A-83BB121AAD01}</UniqueIdentifier>
      <Extensions>rc;ico;cur;bmp;dlg;rc2;rct;bin;rgs;gif;jpg;jpeg;jpe;resx;tiff;tif;png;wav;mfcribbon-ms</Extensions>
    </Filter>
  </ItemGroup>
  <ItemGroup>
    <ClInclude Include="Source\Decoder\Decoder.h">
      <Filter>Header Files</Filter>
    </ClInclude>
    <ClInclude Include="Source\Global\Global.h">
      <Filter>Header Files</Filter>
    </ClInclude>
    <ClInclude Include="Source\State\State.h">
      <Filter>Header Files</Filter>
    </ClInclude>
    <ClInclude Include="Source\State\Memory.h">
      <Filter>Header Files</Filter>
    </ClInclude>
    <ClInclude Include="Source\Operation\OutgoingEdges\ConditionalCallOutgoingEdges.h">
      <Filter>Header Files</Filter>
    </ClInclude>
    <ClInclude Include="Source\Operation\OutgoingEdges\ConditionalReturnOutgoingEdges.h">
      <Filter>Header Files</Filter>
    </ClInclude>
    <ClInclude Include="Source\Operation\OutgoingEdges\NextOutgoingEdges.h">
      <Filter>Header Files</Filter>
    </ClInclude>
    <ClInclude Include="Source\Operation\OutgoingEdges\NonCompilableOutgoingEdges.h">
      <Filter>Header Files</Filter>
    </ClInclude>
    <ClInclude Include="Source\Operation\OutgoingEdges\NoneOutgoingEdges.h">
      <Filter>Header Files</Filter>
    </ClInclude>
    <ClInclude Include="Source\Operation\OutgoingEdges\OutgoingEdges.h">
      <Filter>Header Files</Filter>
    </ClInclude>
    <ClInclude Include="Source\Operation\OutgoingEdges\OutgoingEdgesVisitor.h">
      <Filter>Header Files</Filter>
    </ClInclude>
    <ClInclude Include="Source\Operation\OutgoingEdges\UnconditionalCallOutgoingEdges.h">
      <Filter>Header Files</Filter>
    </ClInclude>
    <ClInclude Include="Source\Operation\OutgoingEdges\UnconditionalReturnOutgoingEdges.h">
      <Filter>Header Files</Filter>
    </ClInclude>
    <ClInclude Include="Source\Operation\Key\OperationKey.h">
      <Filter>Header Files</Filter>
    </ClInclude>
    <ClInclude Include="Source\Operation\Key\OperationKeyHasher.h">
      <Filter>Header Files</Filter>
    </ClInclude>
    <ClInclude Include="Source\Operation\Metadata\OperationMetadata.h">
      <Filter>Header Files</Filter>
    </ClInclude>
    <ClInclude Include="Source\Operation\Operation.h">
      <Filter>Header Files</Filter>
    </ClInclude>
    <ClInclude Include="Source\Operation\NoOperandOperation.h">
      <Filter>Header Files</Filter>
    </ClInclude>
    <ClInclude Include="Source\Operation\ByteOperandOperation.h">
      <Filter>Header Files</Filter>
    </ClInclude>
    <ClInclude Include="Source\OperationFactory\OperationFactory.h">
      <Filter>Header Files</Filter>
    </ClInclude>
    <ClInclude Include="Source\OperationFactory\NoOperandOperationFactory.h">
      <Filter>Header Files</Filter>
    </ClInclude>
    <ClInclude Include="Source\Operation\OperationFunctionPointers.h">
      <Filter>Header Files</Filter>
    </ClInclude>
    <ClInclude Include="Source\Operation\WordOperandOperation.h">
      <Filter>Header Files</Filter>
    </ClInclude>
    <ClInclude Include="Source\Operation\OutgoingEdges\ConditionalJumpOutgoingEdges.h">
      <Filter>Header Files</Filter>
    </ClInclude>
    <ClInclude Include="Source\Operation\OutgoingEdges\UnconditionalJumpOutgoingEdges.h">
      <Filter>Header Files</Filter>
    </ClInclude>
    <ClInclude Include="Source\Operation\UnconditionalJumpOperation.h">
      <Filter>Header Files</Filter>
    </ClInclude>
    <ClInclude Include="Source\Operation\ConditionalJumpOperation.h">
      <Filter>Header Files</Filter>
    </ClInclude>
    <ClInclude Include="Source\Operation\UnconditionalCallOperation.h">
      <Filter>Header Files</Filter>
    </ClInclude>
    <ClInclude Include="Source\Operation\ConditionalCallOperation.h">
      <Filter>Header Files</Filter>
    </ClInclude>
    <ClInclude Include="Source\Operation\UnconditionalReturnOperation.h">
      <Filter>Header Files</Filter>
    </ClInclude>
    <ClInclude Include="Source\Operation\ConditionalReturnOperation.h">
      <Filter>Header Files</Filter>
    </ClInclude>
    <ClInclude Include="Source\Operation\InOperation.h">
      <Filter>Header Files</Filter>
    </ClInclude>
    <ClInclude Include="Source\IO\IoBridge.h">
      <Filter>Header Files</Filter>
    </ClInclude>
    <ClInclude Include="Source\Operation\OutOperation.h">
      <Filter>Header Files</Filter>
    </ClInclude>
    <ClInclude Include="Source\Operation\HaltOperation.h">
      <Filter>Header Files</Filter>
    </ClInclude>
    <ClInclude Include="Source\OperationFactory\ByteOperandOperationFactory.h">
      <Filter>Header Files</Filter>
    </ClInclude>
    <ClInclude Include="Source\OperationFactory\WordOperandOperationFactory.h">
      <Filter>Header Files</Filter>
    </ClInclude>
    <ClInclude Include="Source\OperationFactory\ConditionalCallOperationFactory.h">
      <Filter>Header Files</Filter>
    </ClInclude>
    <ClInclude Include="Source\OperationFactory\ConditionalJumpOperationFactory.h">
      <Filter>Header Files</Filter>
    </ClInclude>
    <ClInclude Include="Source\OperationFactory\ConditionalReturnOperationFactory.h">
      <Filter>Header Files</Filter>
    </ClInclude>
    <ClInclude Include="Source\OperationFactory\HaltOperationFactory.h">
      <Filter>Header Files</Filter>
    </ClInclude>
    <ClInclude Include="Source\OperationFactory\InOperationFactory.h">
      <Filter>Header Files</Filter>
    </ClInclude>
    <ClInclude Include="Source\OperationFactory\OutOperationFactory.h">
      <Filter>Header Files</Filter>
    </ClInclude>
    <ClInclude Include="Source\OperationFactory\UnconditionalCallOperationFactory.h">
      <Filter>Header Files</Filter>
    </ClInclude>
    <ClInclude Include="Source\OperationFactory\UnconditionalJumpOperationFactory.h">
      <Filter>Header Files</Filter>
    </ClInclude>
    <ClInclude Include="Source\OperationFactory\UnconditionalReturnOperationFactory.h">
      <Filter>Header Files</Filter>
    </ClInclude>
    <ClInclude Include="Source\State\InterruptType.h">
      <Filter>Header Files</Filter>
    </ClInclude>
    <ClInclude Include="Source\IO\IoPeripheral.h">
      <Filter>Header Files</Filter>
    </ClInclude>
    <ClInclude Include="Source\IO\Mits88Sio.h">
      <Filter>Header Files</Filter>
    </ClInclude>
    <ClInclude Include="Source\OperationFunction\OperationFunctions.h">
      <Filter>Header Files</Filter>
    </ClInclude>
    <ClInclude Include="Source\Decoder\DecoderTableBuilder.h">
      <Filter>Header Files</Filter>
    </ClInclude>
    <ClInclude Include="Source\SimulatorEngine\SimulatorEngine.h">
      <Filter>Header Files</Filter>
    </ClInclude>
    <ClInclude Include="Source\SimulatorEngine\Interpreter\InterpreterSimulatorEngine.h">
      <Filter>Header Files</Filter>
    </ClInclude>
    <ClInclude Include="Source\Operation\RestartOperations.h">
      <Filter>Header Files</Filter>
    </ClInclude>
    <ClInclude Include="Source\OperationFactory\RestartOperationFactory.h">
      <Filter>Header Files</Filter>
    </ClInclude>
    <ClInclude Include="Source\Rom\RomLoader.h">
      <Filter>Header Files</Filter>
    </ClInclude>
    <ClInclude Include="Source\SimulatorEngine\BlockCompiler\BlockCompilerSimulatorEngine.h">
      <Filter>Header Files</Filter>
    </ClInclude>
    <ClInclude Include="Source\SimulatorEngine\BlockCompiler\BlockCompilerFirstPass.h">
      <Filter>Header Files</Filter>
    </ClInclude>
    <ClInclude Include="Source\SimulationUnit\SimulationUnit.h">
      <Filter>Header Files</Filter>
    </ClInclude>
    <ClInclude Include="Source\SimulationUnit\BlockCompiler\InterpretedBlockStart.h">
      <Filter>Header Files</Filter>
    </ClInclude>
    <ClInclude Include="Source\SimulationUnit\BlockCompiler\CompiledBlock.h">
      <Filter>Header Files</Filter>
    </ClInclude>
    <ClInclude Include="Source\Compiler\CompiledOperation.h">
      <Filter>Header Files</Filter>
    </ClInclude>
    <ClInclude Include="Source\Cfg\BasicBlockRecord.h">
      <Filter>Header Files</Filter>
    </ClInclude>
    <ClInclude Include="Source\Cfg\Cfg.h">
      <Filter>Header Files</Filter>
    </ClInclude>
    <ClInclude Include="Source\CfgGenerator\BlockCfgGenerator.h">
      <Filter>Header Files</Filter>
    </ClInclude>
    <ClInclude Include="Source\Compiler\Compiler.h">
      <Filter>Header Files</Filter>
    </ClInclude>
    <ClInclude Include="Source\CompilationUnit\CompilationUnit.h">
      <Filter>Header Files</Filter>
    </ClInclude>
    <ClInclude Include="Source\CompilationUnit\InterpretedOperation.h">
      <Filter>Header Files</Filter>
    </ClInclude>
    <ClInclude Include="Source\CompilationUnit\CompiledFunction.h">
      <Filter>Header Files</Filter>
    </ClInclude>
    <ClInclude Include="Source\Compiler\CompiledCode.h">
      <Filter>Header Files</Filter>
    </ClInclude>
    <ClInclude Include="Source\Compiler\SideExit.h">
      <Filter>Header Files</Filter>
    </ClInclude>
    <ClInclude Include="Source\CfgGenerator\MethodCfgGenerator.h">
      <Filter>Header Files</Filter>
    </ClInclude>
    <ClInclude Include="Source\Cfg\MethodRecord.h">
      <Filter>Header Files</Filter>
    </ClInclude>
    <ClInclude Include="Source\Cfg\NonCompilableOperationRecord.h">
      <Filter>Header Files</Filter>
    </ClInclude>
    <ClInclude Include="Source\SimulationUnit\MethodCompiler\InterpretedMethodStart.h">
      <Filter>Header Files</Filter>
    </ClInclude>
    <ClInclude Include="Source\SimulationUnit\MethodCompiler\CompiledMethod.h">
      <Filter>Header Files</Filter>
    </ClInclude>
    <ClInclude Include="Source\SimulatorEngine\MethodCompiler\MethodCompilerSimulatorEngine.h">
      <Filter>Header Files</Filter>
    </ClInclude>
    <ClInclude Include="Source\SimulatorEngine\MethodCompiler\MethodCompilerFirstPass.h">
      <Filter>Header Files</Filter>
    </ClInclude>
    <ClInclude Include="Source\Recorder\RecordedOperation.h">
      <Filter>Header Files</Filter>
    </ClInclude>
    <ClInclude Include="Source\CfgGenerator\TraceCfgGenerator.h">
      <Filter>Header Files</Filter>
    </ClInclude>
    <ClInclude Include="Source\Recorder\Recorder.h">
      <Filter>Header Files</Filter>
    </ClInclude>
    <ClInclude Include="Source\SimulationUnit\TraceCompiler\InterpretedTraceAnchor.h">
      <Filter>Header Files</Filter>
    </ClInclude>
    <ClInclude Include="Source\SimulatorEngine\TraceCompiler\TraceCompilerFirstPass.h">
      <Filter>Header Files</Filter>
    </ClInclude>
    <ClInclude Include="Source\SimulatorEngine\TraceCompiler\TraceCompilerSimulatorEngine.h">
      <Filter>Header Files</Filter>
    </ClInclude>
    <ClInclude Include="Source\SimulationUnit\TraceCompiler\CompiledTrace.h">
      <Filter>Header Files</Filter>
    </ClInclude>
    <ClInclude Include="Source\Time\Timer.h">
      <Filter>Header Files</Filter>
    </ClInclude>
  </ItemGroup>
  <ItemGroup>
    <ClCompile Include="Source\Decoder\Decoder.cpp">
      <Filter>Source Files</Filter>
    </ClCompile>
    <ClCompile Include="Source\Operation\OutgoingEdges\ConditionalCallOutgoingEdges.cpp">
      <Filter>Source Files</Filter>
    </ClCompile>
    <ClCompile Include="Source\Operation\OutgoingEdges\ConditionalReturnOutgoingEdges.cpp">
      <Filter>Source Files</Filter>
    </ClCompile>
    <ClCompile Include="Source\Operation\OutgoingEdges\NextOutgoingEdges.cpp">
      <Filter>Source Files</Filter>
    </ClCompile>
    <ClCompile Include="Source\Operation\OutgoingEdges\NonCompilableOutgoingEdges.cpp">
      <Filter>Source Files</Filter>
    </ClCompile>
    <ClCompile Include="Source\Operation\OutgoingEdges\NoneOutgoingEdges.cpp">
      <Filter>Source Files</Filter>
    </ClCompile>
    <ClCompile Include="Source\Operation\OutgoingEdges\UnconditionalCallOutgoingEdges.cpp">
      <Filter>Source Files</Filter>
    </ClCompile>
    <ClCompile Include="Source\Operation\OutgoingEdges\UnconditionalReturnOutgoingEdges.cpp">
      <Filter>Source Files</Filter>
    </ClCompile>
    <ClCompile Include="Source\Operation\Metadata\OperationMetadata.cpp">
      <Filter>Source Files</Filter>
    </ClCompile>
    <ClCompile Include="Source\Operation\NoOperandOperation.cpp">
      <Filter>Source Files</Filter>
    </ClCompile>
    <ClCompile Include="Source\Operation\ByteOperandOperation.cpp">
      <Filter>Source Files</Filter>
    </ClCompile>
    <ClCompile Include="Source\OperationFactory\OperationFactory.cpp">
      <Filter>Source Files</Filter>
    </ClCompile>
    <ClCompile Include="Source\OperationFactory\NoOperandOperationFactory.cpp">
      <Filter>Source Files</Filter>
    </ClCompile>
    <ClCompile Include="Source\Operation\Operation.cpp">
      <Filter>Source Files</Filter>
    </ClCompile>
    <ClCompile Include="Source\Operation\WordOperandOperation.cpp">
      <Filter>Source Files</Filter>
    </ClCompile>
    <ClCompile Include="Source\Operation\OutgoingEdges\ConditionalJumpOutgoingEdges.cpp">
      <Filter>Source Files</Filter>
    </ClCompile>
    <ClCompile Include="Source\Operation\OutgoingEdges\UnconditionalJumpOutgoingEdges.cpp">
      <Filter>Source Files</Filter>
    </ClCompile>
    <ClCompile Include="Source\Operation\UnconditionalJumpOperation.cpp">
      <Filter>Source Files</Filter>
    </ClCompile>
    <ClCompile Include="Source\Operation\ConditionalJumpOperation.cpp">
      <Filter>Source Files</Filter>
    </ClCompile>
    <ClCompile Include="Source\Operation\UnconditionalCallOperation.cpp">
      <Filter>Source Files</Filter>
    </ClCompile>
    <ClCompile Include="Source\Operation\ConditionalCallOperation.cpp">
      <Filter>Source Files</Filter>
    </ClCompile>
    <ClCompile Include="Source\Operation\UnconditionalReturnOperation.cpp">
      <Filter>Source Files</Filter>
    </ClCompile>
    <ClCompile Include="Source\Operation\ConditionalReturnOperation.cpp">
      <Filter>Source Files</Filter>
    </ClCompile>
    <ClCompile Include="Source\Operation\InOperation.cpp">
      <Filter>Source Files</Filter>
    </ClCompile>
    <ClCompile Include="Source\Operation\OutOperation.cpp">
      <Filter>Source Files</Filter>
    </ClCompile>
    <ClCompile Include="Source\Operation\HaltOperation.cpp">
      <Filter>Source Files</Filter>
    </ClCompile>
    <ClCompile Include="Source\OperationFactory\ByteOperandOperationFactory.cpp">
      <Filter>Source Files</Filter>
    </ClCompile>
    <ClCompile Include="Source\OperationFactory\WordOperandOperationFactory.cpp">
      <Filter>Source Files</Filter>
    </ClCompile>
    <ClCompile Include="Source\OperationFactory\ConditionalCallOperationFactory.cpp">
      <Filter>Source Files</Filter>
    </ClCompile>
    <ClCompile Include="Source\OperationFactory\ConditionalJumpOperationFactory.cpp">
      <Filter>Source Files</Filter>
    </ClCompile>
    <ClCompile Include="Source\OperationFactory\ConditionalReturnOperationFactory.cpp">
      <Filter>Source Files</Filter>
    </ClCompile>
    <ClCompile Include="Source\OperationFactory\HaltOperationFactory.cpp">
      <Filter>Source Files</Filter>
    </ClCompile>
    <ClCompile Include="Source\OperationFactory\InOperationFactory.cpp">
      <Filter>Source Files</Filter>
    </ClCompile>
    <ClCompile Include="Source\OperationFactory\OutOperationFactory.cpp">
      <Filter>Source Files</Filter>
    </ClCompile>
    <ClCompile Include="Source\OperationFactory\UnconditionalCallOperationFactory.cpp">
      <Filter>Source Files</Filter>
    </ClCompile>
    <ClCompile Include="Source\OperationFactory\UnconditionalJumpOperationFactory.cpp">
      <Filter>Source Files</Filter>
    </ClCompile>
    <ClCompile Include="Source\OperationFactory\UnconditionalReturnOperationFactory.cpp">
      <Filter>Source Files</Filter>
    </ClCompile>
    <ClCompile Include="Source\IO\Mits88Sio.cpp">
      <Filter>Source Files</Filter>
    </ClCompile>
    <ClCompile Include="Source\IO\IoBridge.cpp">
      <Filter>Source Files</Filter>
    </ClCompile>
    <ClCompile Include="Source\Operation\Key\OperationKey.cpp">
      <Filter>Source Files</Filter>
    </ClCompile>
    <ClCompile Include="Source\Source.cpp">
      <Filter>Source Files</Filter>
    </ClCompile>
    <ClCompile Include="Source\Decoder\DecoderTableBuilder.cpp">
      <Filter>Source Files</Filter>
    </ClCompile>
    <ClCompile Include="Source\SimulatorEngine\SimulatorEngine.cpp">
      <Filter>Source Files</Filter>
    </ClCompile>
    <ClCompile Include="Source\SimulatorEngine\Interpreter\InterpreterSimulatorEngine.cpp">
      <Filter>Source Files</Filter>
    </ClCompile>
    <ClCompile Include="Source\Operation\RestartOperations.cpp">
      <Filter>Source Files</Filter>
    </ClCompile>
    <ClCompile Include="Source\OperationFactory\RestartOperationFactory.cpp">
      <Filter>Source Files</Filter>
    </ClCompile>
    <ClCompile Include="Source\Rom\RomLoader.cpp">
      <Filter>Source Files</Filter>
    </ClCompile>
    <ClCompile Include="Source\SimulatorEngine\BlockCompiler\BlockCompilerSimulatorEngine.cpp">
      <Filter>Source Files</Filter>
    </ClCompile>
    <ClCompile Include="Source\SimulatorEngine\BlockCompiler\BlockCompilerFirstPass.cpp">
      <Filter>Source Files</Filter>
    </ClCompile>
    <ClCompile Include="Source\SimulationUnit\BlockCompiler\InterpretedBlockStart.cpp">
      <Filter>Source Files</Filter>
    </ClCompile>
    <ClCompile Include="Source\SimulationUnit\BlockCompiler\CompiledBlock.cpp">
      <Filter>Source Files</Filter>
    </ClCompile>
    <ClCompile Include="Source\Compiler\CompiledOperation.cpp">
      <Filter>Source Files</Filter>
    </ClCompile>
    <ClCompile Include="Source\Cfg\Cfg.cpp">
      <Filter>Source Files</Filter>
    </ClCompile>
    <ClCompile Include="Source\CfgGenerator\BlockCfgGenerator.cpp">
      <Filter>Source Files</Filter>
    </ClCompile>
    <ClCompile Include="Source\Cfg\BasicBlockRecord.cpp">
      <Filter>Source Files</Filter>
    </ClCompile>
    <ClCompile Include="Source\Compiler\Compiler.cpp">
      <Filter>Source Files</Filter>
    </ClCompile>
    <ClCompile Include="Source\CompilationUnit\CompilationUnit.cpp">
      <Filter>Source Files</Filter>
    </ClCompile>
    <ClCompile Include="Source\CompilationUnit\InterpretedOperation.cpp">
      <Filter>Source Files</Filter>
    </ClCompile>
    <ClCompile Include="Source\CompilationUnit\CompiledFunction.cpp">
      <Filter>Source Files</Filter>
    </ClCompile>
    <ClCompile Include="Source\Compiler\CompiledCode.cpp">
      <Filter>Source Files</Filter>
    </ClCompile>
    <ClCompile Include="Source\Compiler\SideExit.cpp">
      <Filter>Source Files</Filter>
    </ClCompile>
    <ClCompile Include="Source\CfgGenerator\MethodCfgGenerator.cpp">
      <Filter>Source Files</Filter>
    </ClCompile>
    <ClCompile Include="Source\Cfg\MethodRecord.cpp">
      <Filter>Source Files</Filter>
    </ClCompile>
    <ClCompile Include="Source\Cfg\NonCompilableOperationRecord.cpp">
      <Filter>Source Files</Filter>
    </ClCompile>
    <ClCompile Include="Source\SimulationUnit\MethodCompiler\InterpretedMethodStart.cpp">
      <Filter>Source Files</Filter>
    </ClCompile>
    <ClCompile Include="Source\SimulationUnit\MethodCompiler\CompiledMethod.cpp">
      <Filter>Source Files</Filter>
    </ClCompile>
    <ClCompile Include="Source\SimulatorEngine\MethodCompiler\MethodCompilerSimulatorEngine.cpp">
      <Filter>Source Files</Filter>
    </ClCompile>
    <ClCompile Include="Source\SimulatorEngine\MethodCompiler\MethodCompilerFirstPass.cpp">
      <Filter>Source Files</Filter>
    </ClCompile>
    <ClCompile Include="Source\Recorder\RecordedOperation.cpp">
      <Filter>Source Files</Filter>
    </ClCompile>
    <ClCompile Include="Source\CfgGenerator\TraceCfgGenerator.cpp">
      <Filter>Source Files</Filter>
    </ClCompile>
    <ClCompile Include="Source\Recorder\Recorder.cpp">
      <Filter>Source Files</Filter>
    </ClCompile>
    <ClCompile Include="Source\SimulationUnit\TraceCompiler\InterpretedTraceAnchor.cpp">
      <Filter>Source Files</Filter>
    </ClCompile>
    <ClCompile Include="Source\SimulatorEngine\TraceCompiler\TraceCompilerFirstPass.cpp">
      <Filter>Source Files</Filter>
    </ClCompile>
    <ClCompile Include="Source\SimulatorEngine\TraceCompiler\TraceCompilerSimulatorEngine.cpp">
      <Filter>Source Files</Filter>
    </ClCompile>
    <ClCompile Include="Source\SimulationUnit\TraceCompiler\CompiledTrace.cpp">
      <Filter>Source Files</Filter>
    </ClCompile>
    <ClCompile Include="Source\Time\Timer.cpp">
      <Filter>Source Files</Filter>
    </ClCompile>
  </ItemGroup>
</Project>